{
    "_readme": [
        "This file locks the dependencies of your project to a known state",
        "Read more about it at https://getcomposer.org/doc/01-basic-usage.md#composer-lock-the-lock-file",
        "This file is @generated automatically"
    ],
    "hash": "4d2937d2f8cb2bd9b45840ce9a10dd41",
    "content-hash": "811d11d914aec5c49ce742fe96cfc82a",
    "packages": [
        {
            "name": "fig/http-message-util",
            "version": "1.1.2",
            "source": {
                "type": "git",
                "url": "https://github.com/php-fig/http-message-util.git",
                "reference": "20b2c280cb6914b7b83089720df44e490f4b42f0"
            },
            "dist": {
                "type": "zip",
                "url": "https://api.github.com/repos/php-fig/http-message-util/zipball/20b2c280cb6914b7b83089720df44e490f4b42f0",
                "reference": "20b2c280cb6914b7b83089720df44e490f4b42f0",
                "shasum": ""
            },
            "require": {
                "php": "^5.3 || ^7.0",
                "psr/http-message": "^1.0"
            },
            "type": "library",
            "extra": {
                "branch-alias": {
                    "dev-master": "1.1.x-dev"
                }
            },
            "autoload": {
                "psr-4": {
                    "Fig\\Http\\Message\\": "src/"
                }
            },
            "notification-url": "https://packagist.org/downloads/",
            "license": [
                "MIT"
            ],
            "authors": [
                {
                    "name": "PHP-FIG",
                    "homepage": "http://www.php-fig.org/"
                }
            ],
            "description": "Utility classes and constants for use with PSR-7 (psr/http-message)",
            "keywords": [
                "http",
                "http-message",
                "psr",
                "psr-7",
                "request",
                "response"
            ],
            "time": "2017-02-09 16:10:21"
        },
        {
            "name": "http-interop/http-middleware",
            "version": "0.4.1",
            "source": {
                "type": "git",
                "url": "https://github.com/http-interop/http-middleware.git",
                "reference": "9a801fe60e70d5d608b61d56b2dcde29516c81b9"
            },
            "dist": {
                "type": "zip",
                "url": "https://api.github.com/repos/http-interop/http-middleware/zipball/9a801fe60e70d5d608b61d56b2dcde29516c81b9",
                "reference": "9a801fe60e70d5d608b61d56b2dcde29516c81b9",
                "shasum": ""
            },
            "require": {
                "php": ">=5.3.0",
                "psr/http-message": "^1.0"
            },
            "type": "library",
            "extra": {
                "branch-alias": {
                    "dev-master": "1.0.x-dev"
                }
            },
            "autoload": {
                "psr-4": {
                    "Interop\\Http\\ServerMiddleware\\": "src/"
                }
            },
            "notification-url": "https://packagist.org/downloads/",
            "license": [
                "MIT"
            ],
            "authors": [
                {
                    "name": "PHP-FIG",
                    "homepage": "http://www.php-fig.org/"
                }
            ],
            "description": "Common interface for HTTP server-side middleware",
            "keywords": [
                "factory",
                "http",
                "middleware",
                "psr",
                "psr-17",
                "psr-7",
                "request",
                "response"
            ],
            "time": "2017-01-14 15:23:42"
        },
        {
            "name": "psr/container",
            "version": "1.0.0",
            "source": {
                "type": "git",
                "url": "https://github.com/php-fig/container.git",
                "reference": "b7ce3b176482dbbc1245ebf52b181af44c2cf55f"
            },
            "dist": {
                "type": "zip",
                "url": "https://api.github.com/repos/php-fig/container/zipball/b7ce3b176482dbbc1245ebf52b181af44c2cf55f",
                "reference": "b7ce3b176482dbbc1245ebf52b181af44c2cf55f",
                "shasum": ""
            },
            "require": {
                "php": ">=5.3.0"
            },
            "type": "library",
            "extra": {
                "branch-alias": {
                    "dev-master": "1.0.x-dev"
                }
            },
            "autoload": {
                "psr-4": {
                    "Psr\\Container\\": "src/"
                }
            },
            "notification-url": "https://packagist.org/downloads/",
            "license": [
                "MIT"
            ],
            "authors": [
                {
                    "name": "PHP-FIG",
                    "homepage": "http://www.php-fig.org/"
                }
            ],
            "description": "Common Container Interface (PHP FIG PSR-11)",
            "homepage": "https://github.com/php-fig/container",
            "keywords": [
                "PSR-11",
                "container",
                "container-interface",
                "container-interop",
                "psr"
            ],
            "time": "2017-02-14 16:28:37"
        },
        {
            "name": "psr/http-message",
            "version": "1.0.1",
            "source": {
                "type": "git",
                "url": "https://github.com/php-fig/http-message.git",
                "reference": "f6561bf28d520154e4b0ec72be95418abe6d9363"
            },
            "dist": {
                "type": "zip",
                "url": "https://api.github.com/repos/php-fig/http-message/zipball/f6561bf28d520154e4b0ec72be95418abe6d9363",
                "reference": "f6561bf28d520154e4b0ec72be95418abe6d9363",
                "shasum": ""
            },
            "require": {
                "php": ">=5.3.0"
            },
            "type": "library",
            "extra": {
                "branch-alias": {
                    "dev-master": "1.0.x-dev"
                }
            },
            "autoload": {
                "psr-4": {
                    "Psr\\Http\\Message\\": "src/"
                }
            },
            "notification-url": "https://packagist.org/downloads/",
            "license": [
                "MIT"
            ],
            "authors": [
                {
                    "name": "PHP-FIG",
                    "homepage": "http://www.php-fig.org/"
                }
            ],
            "description": "Common interface for HTTP messages",
            "homepage": "https://github.com/php-fig/http-message",
            "keywords": [
                "http",
                "http-message",
                "psr",
                "psr-7",
                "request",
                "response"
            ],
            "time": "2016-08-06 14:39:51"
        },
        {
            "name": "zendframework/zend-diactoros",
            "version": "1.4.0",
            "source": {
                "type": "git",
                "url": "https://github.com/zendframework/zend-diactoros.git",
                "reference": "b03f285a333f51e58c95cce54109a4a9ed691436"
            },
            "dist": {
                "type": "zip",
                "url": "https://api.github.com/repos/zendframework/zend-diactoros/zipball/b03f285a333f51e58c95cce54109a4a9ed691436",
                "reference": "b03f285a333f51e58c95cce54109a4a9ed691436",
                "shasum": ""
            },
            "require": {
                "php": "^5.4 || ^7.0",
                "psr/http-message": "~1.0"
            },
            "provide": {
                "psr/http-message-implementation": "1.0"
            },
            "require-dev": {
                "ext-dom": "*",
                "ext-libxml": "*",
                "phpunit/phpunit": "^4.6 || ^5.5",
                "zendframework/zend-coding-standard": "~1.0.0"
            },
            "type": "library",
            "extra": {
                "branch-alias": {
                    "dev-master": "1.4-dev",
                    "dev-develop": "1.5-dev"
                }
            },
            "autoload": {
                "psr-4": {
                    "Zend\\Diactoros\\": "src/"
                }
            },
            "notification-url": "https://packagist.org/downloads/",
            "license": [
                "BSD-2-Clause"
            ],
            "description": "PSR HTTP Message implementations",
            "homepage": "https://github.com/zendframework/zend-diactoros",
            "keywords": [
                "http",
                "psr",
                "psr-7"
            ],
            "time": "2017-04-06 16:18:34"
        },
        {
            "name": "zendframework/zend-escaper",
            "version": "2.5.2",
            "source": {
                "type": "git",
                "url": "https://github.com/zendframework/zend-escaper.git",
                "reference": "2dcd14b61a72d8b8e27d579c6344e12c26141d4e"
            },
            "dist": {
                "type": "zip",
                "url": "https://api.github.com/repos/zendframework/zend-escaper/zipball/2dcd14b61a72d8b8e27d579c6344e12c26141d4e",
                "reference": "2dcd14b61a72d8b8e27d579c6344e12c26141d4e",
                "shasum": ""
            },
            "require": {
                "php": ">=5.5"
            },
            "require-dev": {
                "fabpot/php-cs-fixer": "1.7.*",
                "phpunit/phpunit": "~4.0"
            },
            "type": "library",
            "extra": {
                "branch-alias": {
                    "dev-master": "2.5-dev",
                    "dev-develop": "2.6-dev"
                }
            },
            "autoload": {
                "psr-4": {
                    "Zend\\Escaper\\": "src/"
                }
            },
            "notification-url": "https://packagist.org/downloads/",
            "license": [
                "BSD-3-Clause"
            ],
            "homepage": "https://github.com/zendframework/zend-escaper",
            "keywords": [
                "escaper",
                "zf2"
            ],
            "time": "2016-06-30 19:48:38"
        },
        {
            "name": "zendframework/zend-expressive",
            "version": "2.0.3",
            "source": {
                "type": "git",
                "url": "https://github.com/zendframework/zend-expressive.git",
                "reference": "293145df73f288b16107d1388995282c4e8599fd"
            },
            "dist": {
                "type": "zip",
                "url": "https://api.github.com/repos/zendframework/zend-expressive/zipball/293145df73f288b16107d1388995282c4e8599fd",
                "reference": "293145df73f288b16107d1388995282c4e8599fd",
                "shasum": ""
            },
            "require": {
                "fig/http-message-util": "^1.1.2",
                "php": "^5.6 || ^7.0",
                "psr/container": "^1.0",
                "psr/http-message": "^1.0.1",
                "zendframework/zend-diactoros": "^1.3.10",
                "zendframework/zend-expressive-router": "^2.1",
                "zendframework/zend-expressive-template": "^1.0.4",
                "zendframework/zend-stratigility": "^2.0.1"
            },
            "conflict": {
                "container-interop/container-interop": "<1.2.0"
            },
            "require-dev": {
                "filp/whoops": "^2.1.6 || ^1.1.10",
                "malukenho/docheader": "^0.1.5",
                "mockery/mockery": "^0.9.5",
                "phpunit/phpunit": "^6.0.8 || ^5.7.15",
                "zendframework/zend-coding-standard": "~1.0.0",
                "zendframework/zend-expressive-aurarouter": "^2.0",
                "zendframework/zend-expressive-fastroute": "^2.0",
                "zendframework/zend-expressive-zendrouter": "^2.0.1",
                "zendframework/zend-servicemanager": "^3.3 || ^2.7.8"
            },
            "suggest": {
                "aura/di": "^3.2 to make use of Aura.Di dependency injection container",
                "filp/whoops": "^2.1 to use the Whoops error handler",
                "xtreamwayz/pimple-container-interop": "^1.0 to use Pimple for dependency injection",
                "zendframework/zend-expressive-helpers": "^3.0 for its UrlHelper, ServerUrlHelper, and BodyParseMiddleware",
                "zendframework/zend-expressive-tooling": "For migration and development tools; require it with the --dev flag",
                "zendframework/zend-servicemanager": "^3.3 to use zend-servicemanager for dependency injection"
            },
            "bin": [
                "bin/expressive-tooling"
            ],
            "type": "library",
            "extra": {
                "branch-alias": {
                    "dev-master": "2.0-dev",
                    "dev-develop": "2.1-dev"
                }
            },
            "autoload": {
                "psr-4": {
                    "Zend\\Expressive\\": "src/"
                }
            },
            "notification-url": "https://packagist.org/downloads/",
            "license": [
                "BSD-3-Clause"
            ],
            "description": "PSR-7 Middleware Microframework based on Stratigility",
            "keywords": [
                "http",
                "middleware",
                "psr",
                "psr-7"
            ],
            "time": "2017-03-28 15:56:53"
        },
        {
            "name": "zendframework/zend-expressive-router",
            "version": "2.1.0",
            "source": {
                "type": "git",
                "url": "https://github.com/zendframework/zend-expressive-router.git",
                "reference": "88d711aee740ac8fbd684472469e16b85435cc79"
            },
            "dist": {
                "type": "zip",
                "url": "https://api.github.com/repos/zendframework/zend-expressive-router/zipball/88d711aee740ac8fbd684472469e16b85435cc79",
                "reference": "88d711aee740ac8fbd684472469e16b85435cc79",
                "shasum": ""
            },
            "require": {
                "fig/http-message-util": "^1.1",
                "http-interop/http-middleware": "^0.4.1",
                "php": "^5.6 || ^7.0",
                "psr/http-message": "^1.0"
            },
            "require-dev": {
                "malukenho/docheader": "^0.1.5",
                "phpunit/phpunit": "^4.7 || ^5.6",
                "zendframework/zend-coding-standard": "~1.0.0"
            },
            "suggest": {
                "zendframework/zend-expressive-aurarouter": "^1.0 to use the Aura.Router routing adapter",
                "zendframework/zend-expressive-fastroute": "^1.2 to use the FastRoute routing adapter",
                "zendframework/zend-expressive-zendrouter": "^1.2 to use the zend-router routing adapter"
            },
            "type": "library",
            "extra": {
                "branch-alias": {
                    "dev-master": "2.1-dev",
                    "dev-develop": "2.2-dev"
                }
            },
            "autoload": {
                "psr-4": {
                    "Zend\\Expressive\\Router\\": "src/"
                }
            },
            "notification-url": "https://packagist.org/downloads/",
            "license": [
                "BSD-3-Clause"
            ],
            "description": "Router subcomponent for Expressive",
            "keywords": [
                "expressive",
                "http",
                "middleware",
                "psr",
                "psr-7"
            ],
            "time": "2017-01-24 22:28:12"
        },
        {
            "name": "zendframework/zend-expressive-template",
            "version": "1.0.4",
            "source": {
                "type": "git",
                "url": "https://github.com/zendframework/zend-expressive-template.git",
                "reference": "23922f96b32ab6e64fc551ec06b81fd047828765"
            },
            "dist": {
                "type": "zip",
                "url": "https://api.github.com/repos/zendframework/zend-expressive-template/zipball/23922f96b32ab6e64fc551ec06b81fd047828765",
                "reference": "23922f96b32ab6e64fc551ec06b81fd047828765",
                "shasum": ""
            },
            "require": {
                "php": ">=5.5"
            },
            "require-dev": {
                "phpunit/phpunit": "^4.7",
                "zendframework/zend-coding-standard": "~1.0.0"
            },
            "suggest": {
                "zendframework/zend-expressive-platesrenderer": "^0.1 to use the Plates template renderer",
                "zendframework/zend-expressive-twigrenderer": "^0.1 to use the Twig template renderer",
                "zendframework/zend-expressive-zendviewrenderer": "^0.1 to use the zend-view PhpRenderer template renderer"
            },
            "type": "library",
            "extra": {
                "branch-alias": {
                    "dev-master": "1.0-dev",
                    "dev-develop": "1.1-dev"
                }
            },
            "autoload": {
                "psr-4": {
                    "Zend\\Expressive\\Template\\": "src/"
                }
            },
            "notification-url": "https://packagist.org/downloads/",
            "license": [
                "BSD-3-Clause"
            ],
            "description": "Template subcomponent for Expressive",
            "keywords": [
                "expressive",
                "template"
            ],
            "time": "2017-01-11 18:42:34"
        },
        {
            "name": "zendframework/zend-stratigility",
            "version": "2.0.1",
            "source": {
                "type": "git",
                "url": "https://github.com/zendframework/zend-stratigility.git",
                "reference": "229e7d94010d09d9e68096ff6f1d35f354d8dac9"
            },
            "dist": {
                "type": "zip",
                "url": "https://api.github.com/repos/zendframework/zend-stratigility/zipball/229e7d94010d09d9e68096ff6f1d35f354d8dac9",
                "reference": "229e7d94010d09d9e68096ff6f1d35f354d8dac9",
                "shasum": ""
            },
            "require": {
                "http-interop/http-middleware": "^0.4.1",
                "php": "^5.6 || ^7.0",
                "psr/http-message": "^1.0",
                "zendframework/zend-escaper": "^2.3"
            },
            "require-dev": {
                "malukenho/docheader": "^0.1.5",
                "phpunit/phpunit": "^5.7",
                "zendframework/zend-coding-standard": "~1.0.0",
                "zendframework/zend-diactoros": "^1.0"
            },
            "suggest": {
                "psr/http-message-implementation": "Please install a psr/http-message-implementation to consume Stratigility; e.g., zendframework/zend-diactoros"
            },
            "type": "library",
            "extra": {
                "branch-alias": {
                    "dev-master": "2.0.0-dev",
                    "dev-develop": "2.1.0-dev"
                }
            },
            "autoload": {
                "psr-4": {
                    "Zend\\Stratigility\\": "src/"
                }
            },
            "notification-url": "https://packagist.org/downloads/",
            "license": [
                "BSD-3-Clause"
            ],
            "description": "Middleware for PHP",
            "homepage": "https://github.com/zendframework/zend-stratigility",
            "keywords": [
                "http",
                "middleware",
                "psr-7"
            ],
            "time": "2017-01-25 19:16:16"
        }
    ],
    "packages-dev": [],
    "aliases": [],
    "minimum-stability": "stable",
    "stability-flags": [],
    "prefer-stable": false,
    "prefer-lowest": false,
    "platform": {
        "php": "^7.1"
    },
    "platform-dev": []
}
